
Microsoft Visual Studio Solution File, Format Version 12.00
# Visual Studio Version 16
VisualStudioVersion = 16.0.31424.327
MinimumVisualStudioVersion = 10.0.40219.1
Project("{FAE04EC0-301F-11D3-BF4B-00C04F79EFBC}") = "SingleR", "SingleR\SingleR.csproj", "{1764EE37-5ABB-4074-B967-23E88CE5D0C0}"
EndProject
Global
	GlobalSection(SolutionConfigurationPlatforms) = preSolution
		Debug|Any CPU = Debug|Any CPU
		Release|Any CPU = Release|Any CPU
	EndGlobalSection
	GlobalSection(ProjectConfigurationPlatforms) = postSolution
		{1764EE37-5ABB-4074-B967-23E88CE5D0C0}.Debug|Any CPU.ActiveCfg = Debug|Any CPU
		{1764EE37-5ABB-4074-B967-23E88CE5D0C0}.Debug|Any CPU.Build.0 = Debug|Any CPU
		{1764EE37-5ABB-4074-B967-23E88CE5D0C0}.Release|Any CPU.ActiveCfg = Release|Any CPU
		{1764EE37-5ABB-4074-B967-23E88CE5D0C0}.Release|Any CPU.Build.0 = Release|Any CPU
	EndGlobalSection
	GlobalSection(SolutionProperties) = preSolution
		HideSolutionNode = FALSE
	EndGlobalSection
	GlobalSection(ExtensibilityGlobals) = postSolution
		SolutionGuid = {5BDF2EAE-4A44-455E-810B-2399BC7196E2}
	EndGlobalSection
EndGlobal
